{
  "lockfileVersion": 1,
  "configVersion": 1,
  "workspaces": {
    "": {
      "name": "studafy",
      "devDependencies": {
        "turbo": "2.10.3",
      },
    },
    "apps/web": {
      "name": "@studafy/web",
      "version": "0.0.0",
    },
    "packages/ui": {
      "name": "@studafy/ui",
      "version": "0.0.0",
    },
  },
  "packages": {
    "@studafy/ui": ["@studafy/ui@workspace:packages/ui"],

    "@studafy/web": ["@studafy/web@workspace:apps/web"],

    "@turbo/darwin-64": ["@turbo/darwin-64@2.10.3", "", { "os": "darwin", "cpu": "x64" }, "sha512-guuiO2kKc7yUQFU2jhWyM/BrYGD/brqb0+JvJIXTQ/QI1NlWfHZ1id50kkkOWqxmBiDc8DgW2orfY85pQIc7gw=="],

    "@turbo/darwin-arm64": ["@turbo/darwin-arm64@2.10.3", "", { "os": "darwin", "cpu": "arm64" }, "sha512-UglEDl/r1/h5Vw6oS6cEE29Jugz2sDLxHCSupNznKatj1fDMRXFqYKFcbvm8RTFhtYPI45NxkrPNo9BqNychBg=="],

    "@turbo/linux-64": ["@turbo/linux-64@2.10.3", "", { "os": "linux", "cpu": "x64" }, "sha512-KuQxaPWD7OBmwEZqO0sgijwcuXR5eMWbo7BEt2m1D2Q3RylJDj7WMcJ0Btv2VJA0QC+khzAaTAm1yWowJ0CWAw=="],

    "@turbo/linux-arm64": ["@turbo/linux-arm64@2.10.3", "", { "os": "linux", "cpu": "arm64" }, "sha512-DPkIKQ+6p0sho3Cx/e/A3F+AKgXQJA+z//cHsTcyyM1YWRGSYA0UTP8NUpb4iS2tVBSniGwmjRUr73hpq8kcDg=="],

    "@turbo/windows-64": ["@turbo/windows-64@2.10.3", "", { "os": "win32", "cpu": "x64" }, "sha512-8NvFAze9D4PsosZAnK3aGqHz2vLzREz9lNIxLgfE0jRchq2sZQE190cwFm7WX17yg3ftPvwCvWH3rhLbG1UHCQ=="],

    "@turbo/windows-arm64": ["@turbo/windows-arm64@2.10.3", "", { "os": "win32", "cpu": "arm64" }, "sha512-AqjqV5cHbFa0YRaQ+Dyw6lSm6as4h/Uf8LcZ7VN8i+Odr23ShFD5SUvVAR1d3rZqibFVs9c0VdtXdfQfkdcs3A=="],

    "turbo": ["turbo@2.10.3", "", { "optionalDependencies": { "@turbo/darwin-64": "2.10.3", "@turbo/darwin-arm64": "2.10.3", "@turbo/linux-64": "2.10.3", "@turbo/linux-arm64": "2.10.3", "@turbo/windows-64": "2.10.3", "@turbo/windows-arm64": "2.10.3" }, "bin": { "turbo": "bin/turbo" } }, "sha512-uZIqzfgtWbyqu1Tqwdd0giRnPGgL0ejbcdF8eZLJhtTTVSrOgArZGzYeXTD6XNcc7ANgdhqex11Y9bHBeyiQLQ=="],
  }
}
